{
  "version": 4,
  "terraform_version": "0.12.26",
  "serial": 37,
  "lineage": "5fe778c8-14a4-1447-1cec-00fb3cd71624",
  "outputs": {},
  "resources": [
    {
      "module": "module.test_s3_bucket",
      "mode": "managed",
      "type": "aws_s3_bucket",
      "name": "foo",
      "provider": "module.test_s3_bucket.provider.aws",
      "instances": [
        {
          "schema_version": 0,
          "attributes": {
            "acceleration_status": "",
            "acl": "private",
            "arn": "arn:aws:s3:::my-bucket-n-1",
            "bucket": "my-bucket-n-1",
            "bucket_domain_name": "my-bucket-n-1.s3.amazonaws.com",
            "bucket_prefix": null,
            "bucket_regional_domain_name": "my-bucket-n-1.s3.us-east-2.amazonaws.com",
            "cors_rule": [],
            "force_destroy": false,
            "grant": [],
            "hosted_zone_id": "Z2O1EMRO9K5GLX",
            "id": "my-bucket-n-1",
            "lifecycle_rule": [],
            "logging": [],
            "object_lock_configuration": [],
            "policy": null,
            "region": "us-east-2",
            "replication_configuration": [],
            "request_payer": "BucketOwner",
            "server_side_encryption_configuration": [],
            "tags": {
              "Name": "My bucket",
              "env": "Staging",
              "owner": "Sargis Hayrapetyan"
            },
            "versioning": [
              {
                "enabled": false,
                "mfa_delete": false
              }
            ],
            "website": [],
            "website_domain": null,
            "website_endpoint": null
          },
          "private": "bnVsbA=="
        }
      ]
    },
    {
      "module": "module.test_s3_bucket",
      "mode": "managed",
      "type": "aws_s3_bucket",
      "name": "loo",
      "provider": "module.test_s3_bucket.provider.aws",
      "instances": [
        {
          "schema_version": 0,
          "attributes": {
            "acceleration_status": "",
            "acl": "private",
            "arn": "arn:aws:s3:::my-bucket-n-2",
            "bucket": "my-bucket-n-2",
            "bucket_domain_name": "my-bucket-n-2.s3.amazonaws.com",
            "bucket_prefix": null,
            "bucket_regional_domain_name": "my-bucket-n-2.s3.us-east-2.amazonaws.com",
            "cors_rule": [],
            "force_destroy": false,
            "grant": [],
            "hosted_zone_id": "Z2O1EMRO9K5GLX",
            "id": "my-bucket-n-2",
            "lifecycle_rule": [],
            "logging": [],
            "object_lock_configuration": [],
            "policy": null,
            "region": "us-east-2",
            "replication_configuration": [],
            "request_payer": "BucketOwner",
            "server_side_encryption_configuration": [],
            "tags": {
              "Name": "My bucket",
              "env": "Staging",
              "owner": "Sargis Hayrapetyan"
            },
            "versioning": [
              {
                "enabled": false,
                "mfa_delete": false
              }
            ],
            "website": [],
            "website_domain": null,
            "website_endpoint": null
          },
          "private": "bnVsbA=="
        }
      ]
    }
  ]
}
