{
  "version": 4,
  "terraform_version": "0.12.26",
  "serial": 32,
  "lineage": "362ff3e4-9a79-aa4c-71d1-63e962e8e674",
  "outputs": {},
  "resources": [
    {
      "module": "module.s3_aws",
      "mode": "managed",
      "type": "aws_s3_bucket",
      "name": "dog",
      "provider": "provider.aws",
      "instances": [
        {
          "schema_version": 0,
          "attributes": {
            "acceleration_status": "",
            "acl": "private",
            "arn": "arn:aws:s3:::import-as-module-220200824165045774800000001",
            "bucket": "import-as-module-220200824165045774800000001",
            "bucket_domain_name": "import-as-module-220200824165045774800000001.s3.amazonaws.com",
            "bucket_prefix": "import-as-module-2",
            "bucket_regional_domain_name": "import-as-module-220200824165045774800000001.s3.us-east-2.amazonaws.com",
            "cors_rule": [],
            "force_destroy": false,
            "grant": [],
            "hosted_zone_id": "Z2O1EMRO9K5GLX",
            "id": "import-as-module-220200824165045774800000001",
            "lifecycle_rule": [],
            "logging": [],
            "object_lock_configuration": [],
            "policy": null,
            "region": "us-east-2",
            "replication_configuration": [],
            "request_payer": "BucketOwner",
            "server_side_encryption_configuration": [],
            "tags": {
              "Environment": "Dev",
              "Name": "My bucket"
            },
            "versioning": [
              {
                "enabled": false,
                "mfa_delete": false
              }
            ],
            "website": [],
            "website_domain": null,
            "website_endpoint": null
          },
          "private": "bnVsbA=="
        }
      ]
    },
    {
      "module": "module.s3_aws",
      "mode": "managed",
      "type": "aws_s3_bucket",
      "name": "god",
      "provider": "provider.aws",
      "instances": [
        {
          "schema_version": 0,
          "attributes": {
            "acceleration_status": "",
            "acl": "private",
            "arn": "arn:aws:s3:::import-as-module-120200824165045774800000002",
            "bucket": "import-as-module-120200824165045774800000002",
            "bucket_domain_name": "import-as-module-120200824165045774800000002.s3.amazonaws.com",
            "bucket_prefix": "import-as-module-1",
            "bucket_regional_domain_name": "import-as-module-120200824165045774800000002.s3.us-east-2.amazonaws.com",
            "cors_rule": [],
            "force_destroy": false,
            "grant": [],
            "hosted_zone_id": "Z2O1EMRO9K5GLX",
            "id": "import-as-module-120200824165045774800000002",
            "lifecycle_rule": [],
            "logging": [],
            "object_lock_configuration": [],
            "policy": null,
            "region": "us-east-2",
            "replication_configuration": [],
            "request_payer": "BucketOwner",
            "server_side_encryption_configuration": [],
            "tags": {
              "Environment": "Dev",
              "Name": "My bucket"
            },
            "versioning": [
              {
                "enabled": false,
                "mfa_delete": false
              }
            ],
            "website": [],
            "website_domain": null,
            "website_endpoint": null
          },
          "private": "bnVsbA=="
        }
      ]
    }
  ]
}
